<Solution>
  <Folder Name="/src/">
    <Project Path="src/SmallBasic.Vsix/SmallBasic.Vsix.csproj">
      <Deploy />
    </Project>
    <Project Path="src/SmallBasic.RunHost/SmallBasic.RunHost.csproj" />
  </Folder>
  <Folder Name="/shared/">
    <Project Path="src/SmallBasic.LanguageServices/SmallBasic.LanguageServices.csproj" />
  </Folder>
  <Folder Name="/tests/">
    <Project Path="tests/SmallBasic.Compiler.Tests/SmallBasic.Compiler.Tests.csproj" />
    <Project Path="tests/SmallBasic.LanguageServices.Tests/SmallBasic.LanguageServices.Tests.csproj" />
  </Folder>
  <Folder Name="/vendor/">
    <Project Path="vendor/SmallBasicEditor/Source/SmallBasic.Compiler/SmallBasic.Compiler.csproj" />
    <Project Path="vendor/SmallBasicEditor/Source/SmallBasic.Utilities/SmallBasic.Utilities.csproj" />
  </Folder>
</Solution>
